github.com/go-freedesktop/x11 v0.2.0 h1:qHvov5jn7GG4QxeealqRJVj72/MjR5qi2IXqyD7N02A=
github.com/go-freedesktop/x11 v0.2.0/go.mod h1:a+Fma9oOlsagw0CJKe+VHYxIl5/PzPSmlCVaYCtUSYA=
github.com/godbus/dbus/v5 v5.1.0 h1:4KLkAxT3aOY8Li4FRJe/KvhoNFFxo0m6fNuFUO8QJUk=
github.com/godbus/dbus/v5 v5.1.0/go.mod h1:xhWf0FNVPg57R7Z0UbKHbJfkEywrmjJnf7w5xrFpKfA=
